
Microsoft Visual Studio Solution File, Format Version 12.00
# Visual Studio Version 16
VisualStudioVersion = 16.0.31624.102
MinimumVisualStudioVersion = 10.0.40219.1
Project("{9A19103F-16F7-4668-BE54-9A1E7A4F7556}") = "BrickHandler.Model", "BrickMoverSystem.Model\BrickHandler.Model.csproj", "{3152BE74-4BC8-45DF-B222-D3BF6023D33D}"
EndProject
Project("{9A19103F-16F7-4668-BE54-9A1E7A4F7556}") = "BrickHandler.MySqlRepository", "BrickMoverSystem.Repository\BrickHandler.MySqlRepository.csproj", "{DA90AA35-9B3A-416D-BF84-B7F4C88BB919}"
EndProject
Project("{2150E333-8FDC-42A3-9474-1A3956D46DE8}") = "Solution Items", "Solution Items", "{15CD4855-35DE-48E4-BF2F-150A77049752}"
	ProjectSection(SolutionItems) = preProject
		Readme.md = Readme.md
	EndProjectSection
EndProject
Project("{2150E333-8FDC-42A3-9474-1A3956D46DE8}") = "images", "images", "{48D01F75-8B71-467E-9849-271EE8F16D8A}"
	ProjectSection(SolutionItems) = preProject
		BrickMoverSystem-architecture.png = BrickMoverSystem-architecture.png
	EndProjectSection
EndProject
Project("{9A19103F-16F7-4668-BE54-9A1E7A4F7556}") = "BrickHandler.Model.Tests", "BrickMoverSystem.Model.Tests\BrickHandler.Model.Tests.csproj", "{D6B07BC6-B6BB-4879-8723-027E1310D3FE}"
EndProject
Project("{9A19103F-16F7-4668-BE54-9A1E7A4F7556}") = "BrickHandler.BucketService", "BrickMoverSystem.BucketService\BrickHandler.BucketService.csproj", "{7C58C130-74AE-4C6A-8CD7-B4DE949A42B6}"
EndProject
Project("{9A19103F-16F7-4668-BE54-9A1E7A4F7556}") = "BrickHandler.BucketService.Tests", "BrickMoverSystem.BucketService.Tests\BrickHandler.BucketService.Tests.csproj", "{142F5BF8-633D-45DF-BFC8-A0BADDA286DD}"
EndProject
Project("{9A19103F-16F7-4668-BE54-9A1E7A4F7556}") = "BrickHandler.Messages", "RabbitMQAdapter\BrickHandler.Messages.csproj", "{CBB6C0B0-5130-4841-9170-20E1B60BA197}"
EndProject
Project("{FAE04EC0-301F-11D3-BF4B-00C04F79EFBC}") = "BrickHandler.RabbitMQAdapter", "BrickHandler.RabbitMQAdapter\BrickHandler.RabbitMQAdapter.csproj", "{7543A7AB-95D0-41C8-B0DA-6B6F656042BE}"
EndProject
Project("{FAE04EC0-301F-11D3-BF4B-00C04F79EFBC}") = "BrickHandler.RabbitMQAdapter.Tests", "BrickHandler.RabbitMQAdapter.Tests\BrickHandler.RabbitMQAdapter.Tests.csproj", "{FC2F3D9B-CE71-482A-BA44-4707D4E05348}"
EndProject
Project("{FAE04EC0-301F-11D3-BF4B-00C04F79EFBC}") = "BrickHandler.Service", "BrickHandler.Service\BrickHandler.Service.csproj", "{7621D065-CFF3-4824-965A-A74979C8BD13}"
EndProject
Global
	GlobalSection(SolutionConfigurationPlatforms) = preSolution
		Debug|Any CPU = Debug|Any CPU
		Release|Any CPU = Release|Any CPU
	EndGlobalSection
	GlobalSection(ProjectConfigurationPlatforms) = postSolution
		{3152BE74-4BC8-45DF-B222-D3BF6023D33D}.Debug|Any CPU.ActiveCfg = Debug|Any CPU
		{3152BE74-4BC8-45DF-B222-D3BF6023D33D}.Debug|Any CPU.Build.0 = Debug|Any CPU
		{3152BE74-4BC8-45DF-B222-D3BF6023D33D}.Release|Any CPU.ActiveCfg = Release|Any CPU
		{3152BE74-4BC8-45DF-B222-D3BF6023D33D}.Release|Any CPU.Build.0 = Release|Any CPU
		{DA90AA35-9B3A-416D-BF84-B7F4C88BB919}.Debug|Any CPU.ActiveCfg = Debug|Any CPU
		{DA90AA35-9B3A-416D-BF84-B7F4C88BB919}.Debug|Any CPU.Build.0 = Debug|Any CPU
		{DA90AA35-9B3A-416D-BF84-B7F4C88BB919}.Release|Any CPU.ActiveCfg = Release|Any CPU
		{DA90AA35-9B3A-416D-BF84-B7F4C88BB919}.Release|Any CPU.Build.0 = Release|Any CPU
		{D6B07BC6-B6BB-4879-8723-027E1310D3FE}.Debug|Any CPU.ActiveCfg = Debug|Any CPU
		{D6B07BC6-B6BB-4879-8723-027E1310D3FE}.Debug|Any CPU.Build.0 = Debug|Any CPU
		{D6B07BC6-B6BB-4879-8723-027E1310D3FE}.Release|Any CPU.ActiveCfg = Release|Any CPU
		{D6B07BC6-B6BB-4879-8723-027E1310D3FE}.Release|Any CPU.Build.0 = Release|Any CPU
		{7C58C130-74AE-4C6A-8CD7-B4DE949A42B6}.Debug|Any CPU.ActiveCfg = Debug|Any CPU
		{7C58C130-74AE-4C6A-8CD7-B4DE949A42B6}.Debug|Any CPU.Build.0 = Debug|Any CPU
		{7C58C130-74AE-4C6A-8CD7-B4DE949A42B6}.Release|Any CPU.ActiveCfg = Release|Any CPU
		{7C58C130-74AE-4C6A-8CD7-B4DE949A42B6}.Release|Any CPU.Build.0 = Release|Any CPU
		{142F5BF8-633D-45DF-BFC8-A0BADDA286DD}.Debug|Any CPU.ActiveCfg = Debug|Any CPU
		{142F5BF8-633D-45DF-BFC8-A0BADDA286DD}.Debug|Any CPU.Build.0 = Debug|Any CPU
		{142F5BF8-633D-45DF-BFC8-A0BADDA286DD}.Release|Any CPU.ActiveCfg = Release|Any CPU
		{142F5BF8-633D-45DF-BFC8-A0BADDA286DD}.Release|Any CPU.Build.0 = Release|Any CPU
		{CBB6C0B0-5130-4841-9170-20E1B60BA197}.Debug|Any CPU.ActiveCfg = Debug|Any CPU
		{CBB6C0B0-5130-4841-9170-20E1B60BA197}.Debug|Any CPU.Build.0 = Debug|Any CPU
		{CBB6C0B0-5130-4841-9170-20E1B60BA197}.Release|Any CPU.ActiveCfg = Release|Any CPU
		{CBB6C0B0-5130-4841-9170-20E1B60BA197}.Release|Any CPU.Build.0 = Release|Any CPU
		{7543A7AB-95D0-41C8-B0DA-6B6F656042BE}.Debug|Any CPU.ActiveCfg = Debug|Any CPU
		{7543A7AB-95D0-41C8-B0DA-6B6F656042BE}.Debug|Any CPU.Build.0 = Debug|Any CPU
		{7543A7AB-95D0-41C8-B0DA-6B6F656042BE}.Release|Any CPU.ActiveCfg = Release|Any CPU
		{7543A7AB-95D0-41C8-B0DA-6B6F656042BE}.Release|Any CPU.Build.0 = Release|Any CPU
		{FC2F3D9B-CE71-482A-BA44-4707D4E05348}.Debug|Any CPU.ActiveCfg = Debug|Any CPU
		{FC2F3D9B-CE71-482A-BA44-4707D4E05348}.Debug|Any CPU.Build.0 = Debug|Any CPU
		{FC2F3D9B-CE71-482A-BA44-4707D4E05348}.Release|Any CPU.ActiveCfg = Release|Any CPU
		{FC2F3D9B-CE71-482A-BA44-4707D4E05348}.Release|Any CPU.Build.0 = Release|Any CPU
		{7621D065-CFF3-4824-965A-A74979C8BD13}.Debug|Any CPU.ActiveCfg = Debug|Any CPU
		{7621D065-CFF3-4824-965A-A74979C8BD13}.Debug|Any CPU.Build.0 = Debug|Any CPU
		{7621D065-CFF3-4824-965A-A74979C8BD13}.Release|Any CPU.ActiveCfg = Release|Any CPU
		{7621D065-CFF3-4824-965A-A74979C8BD13}.Release|Any CPU.Build.0 = Release|Any CPU
	EndGlobalSection
	GlobalSection(SolutionProperties) = preSolution
		HideSolutionNode = FALSE
	EndGlobalSection
	GlobalSection(NestedProjects) = preSolution
		{48D01F75-8B71-467E-9849-271EE8F16D8A} = {15CD4855-35DE-48E4-BF2F-150A77049752}
	EndGlobalSection
	GlobalSection(ExtensibilityGlobals) = postSolution
		SolutionGuid = {D1C17E2A-499E-45FD-B72C-D22101B6701F}
	EndGlobalSection
EndGlobal
